<?xml version="1.0" encoding="utf-8"?>
<Project ToolsVersion="4.0" xmlns="http://schemas.microsoft.com/developer/msbuild/2003">
  <ItemGroup>
    <Filter Include="Исходные файлы">
      <UniqueIdentifier>{4FC737F1-C7A5-4376-A066-2A32D752A2FF}</UniqueIdentifier>
      <Extensions>cpp;c;cc;cxx;c++;def;odl;idl;hpj;bat;asm;asmx</Extensions>
    </Filter>
    <Filter Include="Файлы заголовков">
      <UniqueIdentifier>{93995380-89BD-4b04-88EB-625FBE52EBFB}</UniqueIdentifier>
      <Extensions>h;hh;hpp;hxx;h++;hm;inl;inc;ipp;xsd</Extensions>
    </Filter>
    <Filter Include="Файлы ресурсов">
      <UniqueIdentifier>{67DA6AB6-F800-4c08-8B7A-83BB121AAD01}</UniqueIdentifier>
      <Extensions>rc;ico;cur;bmp;dlg;rc2;rct;bin;rgs;gif;jpg;jpeg;jpe;resx;tiff;tif;png;wav;mfcribbon-ms</Extensions>
    </Filter>
    <Filter Include="Файлы заголовков\interface">
      <UniqueIdentifier>{bf7fff6f-b928-45d1-8d28-5645c21b498b}</UniqueIdentifier>
    </Filter>
    <Filter Include="Файлы заголовков\scene">
      <UniqueIdentifier>{901e4ec0-8992-4347-bc94-eb026f32237d}</UniqueIdentifier>
    </Filter>
    <Filter Include="Исходные файлы\scene">
      <UniqueIdentifier>{d92cfa01-4862-4f7b-8fa0-4574381117cd}</UniqueIdentifier>
    </Filter>
    <Filter Include="Файлы заголовков\processor">
      <UniqueIdentifier>{ea8f7580-19db-48b4-b47c-431ec967e7c8}</UniqueIdentifier>
    </Filter>
    <Filter Include="Исходные файлы\processor">
      <UniqueIdentifier>{7516cba7-1b56-445c-8844-33e0b418c0e5}</UniqueIdentifier>
    </Filter>
  </ItemGroup>
  <ItemGroup>
    <ClCompile Include="yml.cpp">
      <Filter>Исходные файлы</Filter>
    </ClCompile>
    <ClCompile Include="Engine.cpp">
      <Filter>Исходные файлы</Filter>
    </ClCompile>
    <ClCompile Include="Scene.cpp">
      <Filter>Исходные файлы\scene</Filter>
    </ClCompile>
    <ClCompile Include="RenderProcessor.cpp">
      <Filter>Исходные файлы\processor</Filter>
    </ClCompile>
  </ItemGroup>
  <ItemGroup>
    <None Include="packages.config" />
  </ItemGroup>
  <ItemGroup>
    <ClInclude Include="Engine.h">
      <Filter>Файлы заголовков</Filter>
    </ClInclude>
    <ClInclude Include="IScene.h">
      <Filter>Файлы заголовков\interface</Filter>
    </ClInclude>
    <ClInclude Include="IProp.h">
      <Filter>Файлы заголовков\interface</Filter>
    </ClInclude>
    <ClInclude Include="IProcessor.h">
      <Filter>Файлы заголовков\interface</Filter>
    </ClInclude>
    <ClInclude Include="Scene.h">
      <Filter>Файлы заголовков\scene</Filter>
    </ClInclude>
    <ClInclude Include="RenderProcessor.h">
      <Filter>Файлы заголовков\processor</Filter>
    </ClInclude>
  </ItemGroup>
</Project>